
Microsoft Visual Studio Solution File, Format Version 12.00
# Visual Studio Version 17
VisualStudioVersion = 17.0.31903.59
MinimumVisualStudioVersion = 10.0.40219.1
Project("{FAE04EC0-301F-11D3-BF4B-00C04F79EFBC}") = "MiniGame", "MiniGame\MiniGame.csproj", "{974C5F64-4C3E-4BC7-927D-6BA6D9563B63}"
EndProject
Project("{FAE04EC0-301F-11D3-BF4B-00C04F79EFBC}") = "GameUnits", "GameUnits\GameUnits.csproj", "{FFE442C5-A76B-49BD-A0CA-0C84F03523AA}"
EndProject
Project("{FAE04EC0-301F-11D3-BF4B-00C04F79EFBC}") = "OverrideVsNew", "OverrideVsNew\OverrideVsNew.csproj", "{60FDA4DB-C0BD-4081-9FA6-8D8338BBA315}"
EndProject
Project("{FAE04EC0-301F-11D3-BF4B-00C04F79EFBC}") = "ClassVsStruct", "ClassVsStruct\ClassVsStruct.csproj", "{3984FD5B-54F4-4FDF-94CD-7B2E84DCDDF1}"
EndProject
Project("{FAE04EC0-301F-11D3-BF4B-00C04F79EFBC}") = "Polimorfismo", "Polimorfismo\Polimorfismo.csproj", "{DEAD8A3D-552A-45FE-98FA-11219C11822D}"
EndProject
Project("{FAE04EC0-301F-11D3-BF4B-00C04F79EFBC}") = "StructWithRef", "StructWithRef\StructWithRef.csproj", "{18EB72DD-C273-485A-9E7F-3CCE9E45E0AD}"
EndProject
Global
	GlobalSection(SolutionConfigurationPlatforms) = preSolution
		Debug|Any CPU = Debug|Any CPU
		Release|Any CPU = Release|Any CPU
	EndGlobalSection
	GlobalSection(SolutionProperties) = preSolution
		HideSolutionNode = FALSE
	EndGlobalSection
	GlobalSection(ProjectConfigurationPlatforms) = postSolution
		{974C5F64-4C3E-4BC7-927D-6BA6D9563B63}.Debug|Any CPU.ActiveCfg = Debug|Any CPU
		{974C5F64-4C3E-4BC7-927D-6BA6D9563B63}.Debug|Any CPU.Build.0 = Debug|Any CPU
		{974C5F64-4C3E-4BC7-927D-6BA6D9563B63}.Release|Any CPU.ActiveCfg = Release|Any CPU
		{974C5F64-4C3E-4BC7-927D-6BA6D9563B63}.Release|Any CPU.Build.0 = Release|Any CPU
		{FFE442C5-A76B-49BD-A0CA-0C84F03523AA}.Debug|Any CPU.ActiveCfg = Debug|Any CPU
		{FFE442C5-A76B-49BD-A0CA-0C84F03523AA}.Debug|Any CPU.Build.0 = Debug|Any CPU
		{FFE442C5-A76B-49BD-A0CA-0C84F03523AA}.Release|Any CPU.ActiveCfg = Release|Any CPU
		{FFE442C5-A76B-49BD-A0CA-0C84F03523AA}.Release|Any CPU.Build.0 = Release|Any CPU
		{60FDA4DB-C0BD-4081-9FA6-8D8338BBA315}.Debug|Any CPU.ActiveCfg = Debug|Any CPU
		{60FDA4DB-C0BD-4081-9FA6-8D8338BBA315}.Debug|Any CPU.Build.0 = Debug|Any CPU
		{60FDA4DB-C0BD-4081-9FA6-8D8338BBA315}.Release|Any CPU.ActiveCfg = Release|Any CPU
		{60FDA4DB-C0BD-4081-9FA6-8D8338BBA315}.Release|Any CPU.Build.0 = Release|Any CPU
		{3984FD5B-54F4-4FDF-94CD-7B2E84DCDDF1}.Debug|Any CPU.ActiveCfg = Debug|Any CPU
		{3984FD5B-54F4-4FDF-94CD-7B2E84DCDDF1}.Debug|Any CPU.Build.0 = Debug|Any CPU
		{3984FD5B-54F4-4FDF-94CD-7B2E84DCDDF1}.Release|Any CPU.ActiveCfg = Release|Any CPU
		{3984FD5B-54F4-4FDF-94CD-7B2E84DCDDF1}.Release|Any CPU.Build.0 = Release|Any CPU
		{DEAD8A3D-552A-45FE-98FA-11219C11822D}.Debug|Any CPU.ActiveCfg = Debug|Any CPU
		{DEAD8A3D-552A-45FE-98FA-11219C11822D}.Debug|Any CPU.Build.0 = Debug|Any CPU
		{DEAD8A3D-552A-45FE-98FA-11219C11822D}.Release|Any CPU.ActiveCfg = Release|Any CPU
		{DEAD8A3D-552A-45FE-98FA-11219C11822D}.Release|Any CPU.Build.0 = Release|Any CPU
		{18EB72DD-C273-485A-9E7F-3CCE9E45E0AD}.Debug|Any CPU.ActiveCfg = Debug|Any CPU
		{18EB72DD-C273-485A-9E7F-3CCE9E45E0AD}.Debug|Any CPU.Build.0 = Debug|Any CPU
		{18EB72DD-C273-485A-9E7F-3CCE9E45E0AD}.Release|Any CPU.ActiveCfg = Release|Any CPU
		{18EB72DD-C273-485A-9E7F-3CCE9E45E0AD}.Release|Any CPU.Build.0 = Release|Any CPU
	EndGlobalSection
EndGlobal
