
Microsoft Visual Studio Solution File, Format Version 12.00
# Visual Studio Version 17
VisualStudioVersion = 17.0.31903.59
MinimumVisualStudioVersion = 10.0.40219.1
Project("{FAE04EC0-301F-11D3-BF4B-00C04F79EFBC}") = "AnimalKingdom", "AnimalKingdom\AnimalKingdom.csproj", "{96B68D52-86D2-48C1-8706-4685BB62AD63}"
EndProject
Project("{FAE04EC0-301F-11D3-BF4B-00C04F79EFBC}") = "PlayerManager1", "PlayerManager1\PlayerManager1.csproj", "{B4AA7DF0-5C3F-44D3-BF96-480F7AAE52CC}"
EndProject
Project("{FAE04EC0-301F-11D3-BF4B-00C04F79EFBC}") = "PlayerManager2", "PlayerManager2\PlayerManager2.csproj", "{CC2036A9-DBA9-4C83-A807-7F7EA6536D68}"
EndProject
Project("{FAE04EC0-301F-11D3-BF4B-00C04F79EFBC}") = "PlayerManager3", "PlayerManager3\PlayerManager3.csproj", "{5014882B-FDA4-4C02-87C8-9242A9D71C94}"
EndProject
Global
	GlobalSection(SolutionConfigurationPlatforms) = preSolution
		Debug|Any CPU = Debug|Any CPU
		Release|Any CPU = Release|Any CPU
	EndGlobalSection
	GlobalSection(SolutionProperties) = preSolution
		HideSolutionNode = FALSE
	EndGlobalSection
	GlobalSection(ProjectConfigurationPlatforms) = postSolution
		{96B68D52-86D2-48C1-8706-4685BB62AD63}.Debug|Any CPU.ActiveCfg = Debug|Any CPU
		{96B68D52-86D2-48C1-8706-4685BB62AD63}.Debug|Any CPU.Build.0 = Debug|Any CPU
		{96B68D52-86D2-48C1-8706-4685BB62AD63}.Release|Any CPU.ActiveCfg = Release|Any CPU
		{96B68D52-86D2-48C1-8706-4685BB62AD63}.Release|Any CPU.Build.0 = Release|Any CPU
		{B4AA7DF0-5C3F-44D3-BF96-480F7AAE52CC}.Debug|Any CPU.ActiveCfg = Debug|Any CPU
		{B4AA7DF0-5C3F-44D3-BF96-480F7AAE52CC}.Debug|Any CPU.Build.0 = Debug|Any CPU
		{B4AA7DF0-5C3F-44D3-BF96-480F7AAE52CC}.Release|Any CPU.ActiveCfg = Release|Any CPU
		{B4AA7DF0-5C3F-44D3-BF96-480F7AAE52CC}.Release|Any CPU.Build.0 = Release|Any CPU
		{CC2036A9-DBA9-4C83-A807-7F7EA6536D68}.Debug|Any CPU.ActiveCfg = Debug|Any CPU
		{CC2036A9-DBA9-4C83-A807-7F7EA6536D68}.Debug|Any CPU.Build.0 = Debug|Any CPU
		{CC2036A9-DBA9-4C83-A807-7F7EA6536D68}.Release|Any CPU.ActiveCfg = Release|Any CPU
		{CC2036A9-DBA9-4C83-A807-7F7EA6536D68}.Release|Any CPU.Build.0 = Release|Any CPU
		{5014882B-FDA4-4C02-87C8-9242A9D71C94}.Debug|Any CPU.ActiveCfg = Debug|Any CPU
		{5014882B-FDA4-4C02-87C8-9242A9D71C94}.Debug|Any CPU.Build.0 = Debug|Any CPU
		{5014882B-FDA4-4C02-87C8-9242A9D71C94}.Release|Any CPU.ActiveCfg = Release|Any CPU
		{5014882B-FDA4-4C02-87C8-9242A9D71C94}.Release|Any CPU.Build.0 = Release|Any CPU
	EndGlobalSection
EndGlobal
